
Microsoft Visual Studio Solution File, Format Version 12.00
# Visual Studio Version 16
VisualStudioVersion = 16.0.29613.14
MinimumVisualStudioVersion = 10.0.40219.1
Project("{FAE04EC0-301F-11D3-BF4B-00C04F79EFBC}") = "Keizibansystem", "Keizibansystem\Keizibansystem.csproj", "{506A48C1-6579-4BBB-BB04-63830EB19113}"
EndProject
Global
	GlobalSection(SolutionConfigurationPlatforms) = preSolution
		Debug|Any CPU = Debug|Any CPU
		Release|Any CPU = Release|Any CPU
	EndGlobalSection
	GlobalSection(ProjectConfigurationPlatforms) = postSolution
		{506A48C1-6579-4BBB-BB04-63830EB19113}.Debug|Any CPU.ActiveCfg = Debug|Any CPU
		{506A48C1-6579-4BBB-BB04-63830EB19113}.Debug|Any CPU.Build.0 = Debug|Any CPU
		{506A48C1-6579-4BBB-BB04-63830EB19113}.Release|Any CPU.ActiveCfg = Release|Any CPU
		{506A48C1-6579-4BBB-BB04-63830EB19113}.Release|Any CPU.Build.0 = Release|Any CPU
	EndGlobalSection
	GlobalSection(SolutionProperties) = preSolution
		HideSolutionNode = FALSE
	EndGlobalSection
	GlobalSection(ExtensibilityGlobals) = postSolution
		SolutionGuid = {4BEFDC56-068C-486A-BFA0-8A5E2D1F7ECE}
	EndGlobalSection
EndGlobal
